<?xml version="1.0" encoding="utf-8"?>
<Project ToolsVersion="4.0" xmlns="http://schemas.microsoft.com/developer/msbuild/2003">
  <ItemGroup>
    <Filter Include="Source Files">
      <UniqueIdentifier>{4FC737F1-C7A5-4376-A066-2A32D752A2FF}</UniqueIdentifier>
      <Extensions>cpp;c;cc;cxx;c++;cppm;ixx;def;odl;idl;hpj;bat;asm;asmx</Extensions>
    </Filter>
    <Filter Include="Header Files">
      <UniqueIdentifier>{93995380-89BD-4b04-88EB-625FBE52EBFB}</UniqueIdentifier>
      <Extensions>h;hh;hpp;hxx;h++;hm;inl;inc;ipp;xsd</Extensions>
    </Filter>
    <Filter Include="Resource Files">
      <UniqueIdentifier>{67DA6AB6-F800-4c08-8B7A-83BB121AAD01}</UniqueIdentifier>
      <Extensions>rc;ico;cur;bmp;dlg;rc2;rct;bin;rgs;gif;jpg;jpeg;jpe;resx;tiff;tif;png;wav;mfcribbon-ms</Extensions>
    </Filter>
  </ItemGroup>
  <ItemGroup>
    <ClCompile Include="src\main.cpp">
      <Filter>Source Files</Filter>
    </ClCompile>
    <ClCompile Include="src\imgui.cpp">
      <Filter>Source Files</Filter>
    </ClCompile>
    <ClCompile Include="src\imgui_demo.cpp">
      <Filter>Source Files</Filter>
    </ClCompile>
    <ClCompile Include="src\imgui_draw.cpp">
      <Filter>Source Files</Filter>
    </ClCompile>
    <ClCompile Include="src\imgui_tables.cpp">
      <Filter>Source Files</Filter>
    </ClCompile>
    <ClCompile Include="src\imgui_widgets.cpp">
      <Filter>Source Files</Filter>
    </ClCompile>
    <ClCompile Include="src\imgui-SFML.cpp">
      <Filter>Source Files</Filter>
    </ClCompile>
    <ClCompile Include="src\uiEntity.cpp">
      <Filter>Source Files</Filter>
    </ClCompile>
    <ClCompile Include="src\uiAnimation.cpp">
      <Filter>Source Files</Filter>
    </ClCompile>
    <ClCompile Include="src\uiAnimator.cpp">
      <Filter>Source Files</Filter>
    </ClCompile>
    <ClCompile Include="src\uiResourceManager.cpp">
      <Filter>Source Files</Filter>
    </ClCompile>
    <ClCompile Include="src\uiScene.cpp">
      <Filter>Source Files</Filter>
    </ClCompile>
    <ClCompile Include="src\uiBoxCollider.cpp">
      <Filter>Source Files</Filter>
    </ClCompile>
    <ClCompile Include="src\uiMemoryAllocator.cpp">
      <Filter>Source Files</Filter>
    </ClCompile>
    <ClCompile Include="src\uiModule.cpp">
      <Filter>Source Files</Filter>
    </ClCompile>
    <ClCompile Include="src\uiInputMapping.cpp">
      <Filter>Source Files</Filter>
    </ClCompile>
    <ClCompile Include="src\uiBullet.cpp">
      <Filter>Source Files</Filter>
    </ClCompile>
    <ClCompile Include="src\uiInputManager.cpp">
      <Filter>Source Files</Filter>
    </ClCompile>
    <ClCompile Include="src\uiCamera.cpp">
      <Filter>Source Files</Filter>
    </ClCompile>
    <ClCompile Include="src\uiApp.cpp">
      <Filter>Source Files</Filter>
    </ClCompile>
    <ClCompile Include="src\uiSceneManager.cpp">
      <Filter>Source Files</Filter>
    </ClCompile>
    <ClCompile Include="src\uiAudioSource.cpp">
      <Filter>Source Files</Filter>
    </ClCompile>
    <ClCompile Include="src\uiParticleEmitter.cpp">
      <Filter>Source Files</Filter>
    </ClCompile>
    <ClCompile Include="src\uiController.cpp">
      <Filter>Source Files</Filter>
    </ClCompile>
    <ClCompile Include="src\uiPawn.cpp">
      <Filter>Source Files</Filter>
    </ClCompile>
    <ClCompile Include="src\uiPlayer.cpp">
      <Filter>Source Files</Filter>
    </ClCompile>
    <ClCompile Include="src\uiEnemy.cpp">
      <Filter>Source Files</Filter>
    </ClCompile>
    <ClCompile Include="src\uiCreature.cpp">
      <Filter>Source Files</Filter>
    </ClCompile>
    <ClCompile Include="src\uiSpawner.cpp">
      <Filter>Source Files</Filter>
    </ClCompile>
    <ClCompile Include="src\uiPlayerController.cpp">
      <Filter>Source Files</Filter>
    </ClCompile>
    <ClCompile Include="src\uiSceneSettings.cpp">
      <Filter>Source Files</Filter>
    </ClCompile>
    <ClCompile Include="src\uiPhysics.cpp">
      <Filter>Source Files</Filter>
    </ClCompile>
    <ClCompile Include="src\uiAudioListener.cpp">
      <Filter>Source Files</Filter>
    </ClCompile>
    <ClCompile Include="src\uiUI.cpp">
      <Filter>Source Files</Filter>
    </ClCompile>
    <ClCompile Include="src\WindowManager.cpp">
      <Filter>Source Files</Filter>
    </ClCompile>
    <ClCompile Include="src\uiCameraFollower.cpp">
      <Filter>Source Files</Filter>
    </ClCompile>
  </ItemGroup>
  <ItemGroup>
    <ClInclude Include="include\imconfig.h">
      <Filter>Header Files</Filter>
    </ClInclude>
    <ClInclude Include="include\imconfig-SFML.h">
      <Filter>Header Files</Filter>
    </ClInclude>
    <ClInclude Include="include\imgui.h">
      <Filter>Header Files</Filter>
    </ClInclude>
    <ClInclude Include="include\imgui_internal.h">
      <Filter>Header Files</Filter>
    </ClInclude>
    <ClInclude Include="include\imgui-SFML.h">
      <Filter>Header Files</Filter>
    </ClInclude>
    <ClInclude Include="include\imgui-SFML_export.h">
      <Filter>Header Files</Filter>
    </ClInclude>
    <ClInclude Include="include\imstb_rectpack.h">
      <Filter>Header Files</Filter>
    </ClInclude>
    <ClInclude Include="include\imstb_textedit.h">
      <Filter>Header Files</Filter>
    </ClInclude>
    <ClInclude Include="include\imstb_truetype.h">
      <Filter>Header Files</Filter>
    </ClInclude>
    <ClInclude Include="include\uiEntity.h">
      <Filter>Header Files</Filter>
    </ClInclude>
    <ClInclude Include="include\uiUtilities.h">
      <Filter>Header Files</Filter>
    </ClInclude>
    <ClInclude Include="include\uiAnimation.h">
      <Filter>Header Files</Filter>
    </ClInclude>
    <ClInclude Include="include\uiAnimator.h">
      <Filter>Header Files</Filter>
    </ClInclude>
    <ClInclude Include="include\uiComponent.h">
      <Filter>Header Files</Filter>
    </ClInclude>
    <ClInclude Include="include\uiResourceManager.h">
      <Filter>Header Files</Filter>
    </ClInclude>
    <ClInclude Include="include\uiScene.h">
      <Filter>Header Files</Filter>
    </ClInclude>
    <ClInclude Include="include\uiBoxCollider.h">
      <Filter>Header Files</Filter>
    </ClInclude>
    <ClInclude Include="include\uiPlatformTypes.h">
      <Filter>Header Files</Filter>
    </ClInclude>
    <ClInclude Include="include\uiMemoryAllocator.h">
      <Filter>Header Files</Filter>
    </ClInclude>
    <ClInclude Include="include\uiModule.h">
      <Filter>Header Files</Filter>
    </ClInclude>
    <ClInclude Include="include\uiTexture.h">
      <Filter>Header Files</Filter>
    </ClInclude>
    <ClInclude Include="include\uiResource.h">
      <Filter>Header Files</Filter>
    </ClInclude>
    <ClInclude Include="include\uiSprite.h">
      <Filter>Header Files</Filter>
    </ClInclude>
    <ClInclude Include="include\uiJSON.h">
      <Filter>Header Files</Filter>
    </ClInclude>
    <ClInclude Include="include\uiAtlas.h">
      <Filter>Header Files</Filter>
    </ClInclude>
    <ClInclude Include="include\uiInputMapping.h">
      <Filter>Header Files</Filter>
    </ClInclude>
    <ClInclude Include="include\uiInput.h">
      <Filter>Header Files</Filter>
    </ClInclude>
    <ClInclude Include="include\uiInputAction.h">
      <Filter>Header Files</Filter>
    </ClInclude>
    <ClInclude Include="include\uiBullet.h">
      <Filter>Header Files</Filter>
    </ClInclude>
    <ClInclude Include="include\uiPrerequisites.h">
      <Filter>Header Files</Filter>
    </ClInclude>
    <ClInclude Include="include\uiInputManager.h">
      <Filter>Header Files</Filter>
    </ClInclude>
    <ClInclude Include="include\uiPlatformDefines.h">
      <Filter>Header Files</Filter>
    </ClInclude>
    <ClInclude Include="include\uiBoid.h">
      <Filter>Header Files</Filter>
    </ClInclude>
    <ClInclude Include="include\uiCamera.h">
      <Filter>Header Files</Filter>
    </ClInclude>
    <ClInclude Include="include\uiApp.h">
      <Filter>Header Files</Filter>
    </ClInclude>
    <ClInclude Include="include\uiSceneManager.h">
      <Filter>Header Files</Filter>
    </ClInclude>
    <ClInclude Include="include\uiAudioSource.h">
      <Filter>Header Files</Filter>
    </ClInclude>
    <ClInclude Include="include\uiParticleEmitter.h">
      <Filter>Header Files</Filter>
    </ClInclude>
    <ClInclude Include="include\uiController.h">
      <Filter>Header Files</Filter>
    </ClInclude>
    <ClInclude Include="include\uiPawn.h">
      <Filter>Header Files</Filter>
    </ClInclude>
    <ClInclude Include="include\uiPlayer.h">
      <Filter>Header Files</Filter>
    </ClInclude>
    <ClInclude Include="include\uiEnemy.h">
      <Filter>Header Files</Filter>
    </ClInclude>
    <ClInclude Include="include\uiCreature.h">
      <Filter>Header Files</Filter>
    </ClInclude>
    <ClInclude Include="include\uiSpawner.h">
      <Filter>Header Files</Filter>
    </ClInclude>
    <ClInclude Include="include\uiPlayerController.h">
      <Filter>Header Files</Filter>
    </ClInclude>
    <ClInclude Include="include\uiSceneSettings.h">
      <Filter>Header Files</Filter>
    </ClInclude>
    <ClInclude Include="include\uiPhysics.h">
      <Filter>Header Files</Filter>
    </ClInclude>
    <ClInclude Include="include\uiAudioListener.h">
      <Filter>Header Files</Filter>
    </ClInclude>
    <ClInclude Include="include\uiAudioClip.h">
      <Filter>Header Files</Filter>
    </ClInclude>
    <ClInclude Include="include\uiMusicClip.h">
      <Filter>Header Files</Filter>
    </ClInclude>
    <ClInclude Include="include\uiUI.h">
      <Filter>Header Files</Filter>
    </ClInclude>
    <ClInclude Include="include\uiWindowManager.h">
      <Filter>Header Files</Filter>
    </ClInclude>
    <ClInclude Include="include\uiMath.h">
      <Filter>Header Files</Filter>
    </ClInclude>
    <ClInclude Include="include\uiCameraFollower.h">
      <Filter>Header Files</Filter>
    </ClInclude>
  </ItemGroup>
</Project>